// !$*UTF8*$!
{
	archiveVersion = 1;
	classes = {
	};
	objectVersion = 56;
	objects = {

/* Begin PBXBuildFile section */
		3D384C5E2ADC307100FD3E06 /* HelthmoApp.swift in Sources */ = {isa = PBXBuildFile; fileRef = 3D384C5D2ADC307100FD3E06 /* HelthmoApp.swift */; };
		3D384C602ADC307100FD3E06 /* ContentView.swift in Sources */ = {isa = PBXBuildFile; fileRef = 3D384C5F2ADC307100FD3E06 /* ContentView.swift */; };
		3D384C622ADC307300FD3E06 /* Assets.xcassets in Resources */ = {isa = PBXBuildFile; fileRef = 3D384C612ADC307300FD3E06 /* Assets.xcassets */; };
		3D384C662ADC307300FD3E06 /* Preview Assets.xcassets in Resources */ = {isa = PBXBuildFile; fileRef = 3D384C652ADC307300FD3E06 /* Preview Assets.xcassets */; };
		3D384C702ADC307400FD3E06 /* HelthmoTests.swift in Sources */ = {isa = PBXBuildFile; fileRef = 3D384C6F2ADC307400FD3E06 /* HelthmoTests.swift */; };
		3D384C7A2ADC307400FD3E06 /* HelthmoUITests.swift in Sources */ = {isa = PBXBuildFile; fileRef = 3D384C792ADC307400FD3E06 /* HelthmoUITests.swift */; };
		3D384C7C2ADC307400FD3E06 /* HelthmoUITestsLaunchTests.swift in Sources */ = {isa = PBXBuildFile; fileRef = 3D384C7B2ADC307400FD3E06 /* HelthmoUITestsLaunchTests.swift */; };
/* End PBXBuildFile section */

/* Begin PBXContainerItemProxy section */
		3D384C6C2ADC307400FD3E06 /* PBXContainerItemProxy */ = {
			isa = PBXContainerItemProxy;
			containerPortal = 3D384C522ADC307100FD3E06 /* Project object */;
			proxyType = 1;
			remoteGlobalIDString = 3D384C592ADC307100FD3E06;
			remoteInfo = Helthmo;
		};
		3D384C762ADC307400FD3E06 /* PBXContainerItemProxy */ = {
			isa = PBXContainerItemProxy;
			containerPortal = 3D384C522ADC307100FD3E06 /* Project object */;
			proxyType = 1;
			remoteGlobalIDString = 3D384C592ADC307100FD3E06;
			remoteInfo = Helthmo;
		};
/* End PBXContainerItemProxy section */

/* Begin PBXFileReference section */
		3D384C5A2ADC307100FD3E06 /* Helthmo.app */ = {isa = PBXFileReference; explicitFileType = wrapper.application; includeInIndex = 0; path = Helthmo.app; sourceTree = BUILT_PRODUCTS_DIR; };
		3D384C5D2ADC307100FD3E06 /* HelthmoApp.swift */ = {isa = PBXFileReference; lastKnownFileType = sourcecode.swift; path = HelthmoApp.swift; sourceTree = "<group>"; };
		3D384C5F2ADC307100FD3E06 /* ContentView.swift */ = {isa = PBXFileReference; lastKnownFileType = sourcecode.swift; path = ContentView.swift; sourceTree = "<group>"; };
		3D384C612ADC307300FD3E06 /* Assets.xcassets */ = {isa = PBXFileReference; lastKnownFileType = folder.assetcatalog; path = Assets.xcassets; sourceTree = "<group>"; };
		3D384C632ADC307300FD3E06 /* Helthmo.entitlements */ = {isa = PBXFileReference; lastKnownFileType = text.plist.entitlements; path = Helthmo.entitlements; sourceTree = "<group>"; };
		3D384C652ADC307300FD3E06 /* Preview Assets.xcassets */ = {isa = PBXFileReference; lastKnownFileType = folder.assetcatalog; path = "Preview Assets.xcassets"; sourceTree = "<group>"; };
		3D384C6B2ADC307400FD3E06 /* HelthmoTests.xctest */ = {isa = PBXFileReference; explicitFileType = wrapper.cfbundle; includeInIndex = 0; path = HelthmoTests.xctest; sourceTree = BUILT_PRODUCTS_DIR; };
		3D384C6F2ADC307400FD3E06 /* HelthmoTests.swift */ = {isa = PBXFileReference; lastKnownFileType = sourcecode.swift; path = HelthmoTests.swift; sourceTree = "<group>"; };
		3D384C752ADC307400FD3E06 /* HelthmoUITests.xctest */ = {isa = PBXFileReference; explicitFileType = wrapper.cfbundle; includeInIndex = 0; path = HelthmoUITests.xctest; sourceTree = BUILT_PRODUCTS_DIR; };
		3D384C792ADC307400FD3E06 /* HelthmoUITests.swift */ = {isa = PBXFileReference; lastKnownFileType = sourcecode.swift; path = HelthmoUITests.swift; sourceTree = "<group>"; };
		3D384C7B2ADC307400FD3E06 /* HelthmoUITestsLaunchTests.swift */ = {isa = PBXFileReference; lastKnownFileType = sourcecode.swift; path = HelthmoUITestsLaunchTests.swift; sourceTree = "<group>"; };
/* End PBXFileReference section */

/* Begin PBXFrameworksBuildPhase section */
		3D384C572ADC307100FD3E06 /* Frameworks */ = {
			isa = PBXFrameworksBuildPhase;
			buildActionMask = 2147483647;
			files = (
			);
			runOnlyForDeploymentPostprocessing = 0;
		};
		3D384C682ADC307400FD3E06 /* Frameworks */ = {
			isa = PBXFrameworksBuildPhase;
			buildActionMask = 2147483647;
			files = (
			);
			runOnlyForDeploymentPostprocessing = 0;
		};
		3D384C722ADC307400FD3E06 /* Frameworks */ = {
			isa = PBXFrameworksBuildPhase;
			buildActionMask = 2147483647;
			files = (
			);
			runOnlyForDeploymentPostprocessing = 0;
		};
/* End PBXFrameworksBuildPhase section */

/* Begin PBXGroup section */
		3D384C512ADC307100FD3E06 = {
			isa = PBXGroup;
			children = (
				3D384C5C2ADC307100FD3E06 /* Helthmo */,
				3D384C6E2ADC307400FD3E06 /* HelthmoTests */,
				3D384C782ADC307400FD3E06 /* HelthmoUITests */,
				3D384C5B2ADC307100FD3E06 /* Products */,
			);
			sourceTree = "<group>";
		};
		3D384C5B2ADC307100FD3E06 /* Products */ = {
			isa = PBXGroup;
			children = (
				3D384C5A2ADC307100FD3E06 /* Helthmo.app */,
				3D384C6B2ADC307400FD3E06 /* HelthmoTests.xctest */,
				3D384C752ADC307400FD3E06 /* HelthmoUITests.xctest */,
			);
			name = Products;
			sourceTree = "<group>";
		};
		3D384C5C2ADC307100FD3E06 /* Helthmo */ = {
			isa = PBXGroup;
			children = (
				3D384C5D2ADC307100FD3E06 /* HelthmoApp.swift */,
				3D384C5F2ADC307100FD3E06 /* ContentView.swift */,
				3D384C612ADC307300FD3E06 /* Assets.xcassets */,
				3D384C632ADC307300FD3E06 /* Helthmo.entitlements */,
				3D384C642ADC307300FD3E06 /* Preview Content */,
			);
			path = Helthmo;
			sourceTree = "<group>";
		};
		3D384C642ADC307300FD3E06 /* Preview Content */ = {
			isa = PBXGroup;
			children = (
				3D384C652ADC307300FD3E06 /* Preview Assets.xcassets */,
			);
			path = "Preview Content";
			sourceTree = "<group>";
		};
		3D384C6E2ADC307400FD3E06 /* HelthmoTests */ = {
			isa = PBXGroup;
			children = (
				3D384C6F2ADC307400FD3E06 /* HelthmoTests.swift */,
			);
			path = HelthmoTests;
			sourceTree = "<group>";
		};
		3D384C782ADC307400FD3E06 /* HelthmoUITests */ = {
			isa = PBXGroup;
			children = (
				3D384C792ADC307400FD3E06 /* HelthmoUITests.swift */,
				3D384C7B2ADC307400FD3E06 /* HelthmoUITestsLaunchTests.swift */,
			);
			path = HelthmoUITests;
			sourceTree = "<group>";
		};
/* End PBXGroup section */

/* Begin PBXNativeTarget section */
		3D384C592ADC307100FD3E06 /* Helthmo */ = {
			isa = PBXNativeTarget;
			buildConfigurationList = 3D384C7F2ADC307400FD3E06 /* Build configuration list for PBXNativeTarget "Helthmo" */;
			buildPhases = (
				3D384C562ADC307100FD3E06 /* Sources */,
				3D384C572ADC307100FD3E06 /* Frameworks */,
				3D384C582ADC307100FD3E06 /* Resources */,
			);
			buildRules = (
			);
			dependencies = (
			);
			name = Helthmo;
			productName = Helthmo;
			productReference = 3D384C5A2ADC307100FD3E06 /* Helthmo.app */;
			productType = "com.apple.product-type.application";
		};
		3D384C6A2ADC307400FD3E06 /* HelthmoTests */ = {
			isa = PBXNativeTarget;
			buildConfigurationList = 3D384C822ADC307400FD3E06 /* Build configuration list for PBXNativeTarget "HelthmoTests" */;
			buildPhases = (
				3D384C672ADC307400FD3E06 /* Sources */,
				3D384C682ADC307400FD3E06 /* Frameworks */,
				3D384C692ADC307400FD3E06 /* Resources */,
			);
			buildRules = (
			);
			dependencies = (
				3D384C6D2ADC307400FD3E06 /* PBXTargetDependency */,
			);
			name = HelthmoTests;
			productName = HelthmoTests;
			productReference = 3D384C6B2ADC307400FD3E06 /* HelthmoTests.xctest */;
			productType = "com.apple.product-type.bundle.unit-test";
		};
		3D384C742ADC307400FD3E06 /* HelthmoUITests */ = {
			isa = PBXNativeTarget;
			buildConfigurationList = 3D384C852ADC307400FD3E06 /* Build configuration list for PBXNativeTarget "HelthmoUITests" */;
			buildPhases = (
				3D384C712ADC307400FD3E06 /* Sources */,
				3D384C722ADC307400FD3E06 /* Frameworks */,
				3D384C732ADC307400FD3E06 /* Resources */,
			);
			buildRules = (
			);
			dependencies = (
				3D384C772ADC307400FD3E06 /* PBXTargetDependency */,
			);
			name = HelthmoUITests;
			productName = HelthmoUITests;
			productReference = 3D384C752ADC307400FD3E06 /* HelthmoUITests.xctest */;
			productType = "com.apple.product-type.bundle.ui-testing";
		};
/* End PBXNativeTarget section */

/* Begin PBXProject section */
		3D384C522ADC307100FD3E06 /* Project object */ = {
			isa = PBXProject;
			attributes = {
				BuildIndependentTargetsInParallel = 1;
				LastSwiftUpdateCheck = 1430;
				LastUpgradeCheck = 1430;
				TargetAttributes = {
					3D384C592ADC307100FD3E06 = {
						CreatedOnToolsVersion = 14.3.1;
					};
					3D384C6A2ADC307400FD3E06 = {
						CreatedOnToolsVersion = 14.3.1;
						TestTargetID = 3D384C592ADC307100FD3E06;
					};
					3D384C742ADC307400FD3E06 = {
						CreatedOnToolsVersion = 14.3.1;
						TestTargetID = 3D384C592ADC307100FD3E06;
					};
				};
			};
			buildConfigurationList = 3D384C552ADC307100FD3E06 /* Build configuration list for PBXProject "Helthmo" */;
			compatibilityVersion = "Xcode 14.0";
			developmentRegion = en;
			hasScannedForEncodings = 0;
			knownRegions = (
				en,
				Base,
			);
			mainGroup = 3D384C512ADC307100FD3E06;
			productRefGroup = 3D384C5B2ADC307100FD3E06 /* Products */;
			projectDirPath = "";
			projectRoot = "";
			targets = (
				3D384C592ADC307100FD3E06 /* Helthmo */,
				3D384C6A2ADC307400FD3E06 /* HelthmoTests */,
				3D384C742ADC307400FD3E06 /* HelthmoUITests */,
			);
		};
/* End PBXProject section */

/* Begin PBXResourcesBuildPhase section */
		3D384C582ADC307100FD3E06 /* Resources */ = {
			isa = PBXResourcesBuildPhase;
			buildActionMask = 2147483647;
			files = (
				3D384C662ADC307300FD3E06 /* Preview Assets.xcassets in Resources */,
				3D384C622ADC307300FD3E06 /* Assets.xcassets in Resources */,
			);
			runOnlyForDeploymentPostprocessing = 0;
		};
		3D384C692ADC307400FD3E06 /* Resources */ = {
			isa = PBXResourcesBuildPhase;
			buildActionMask = 2147483647;
			files = (
			);
			runOnlyForDeploymentPostprocessing = 0;
		};
		3D384C732ADC307400FD3E06 /* Resources */ = {
			isa = PBXResourcesBuildPhase;
			buildActionMask = 2147483647;
			files = (
			);
			runOnlyForDeploymentPostprocessing = 0;
		};
/* End PBXResourcesBuildPhase section */

/* Begin PBXSourcesBuildPhase section */
		3D384C562ADC307100FD3E06 /* Sources */ = {
			isa = PBXSourcesBuildPhase;
			buildActionMask = 2147483647;
			files = (
				3D384C602ADC307100FD3E06 /* ContentView.swift in Sources */,
				3D384C5E2ADC307100FD3E06 /* HelthmoApp.swift in Sources */,
			);
			runOnlyForDeploymentPostprocessing = 0;
		};
		3D384C672ADC307400FD3E06 /* Sources */ = {
			isa = PBXSourcesBuildPhase;
			buildActionMask = 2147483647;
			files = (
				3D384C702ADC307400FD3E06 /* HelthmoTests.swift in Sources */,
			);
			runOnlyForDeploymentPostprocessing = 0;
		};
		3D384C712ADC307400FD3E06 /* Sources */ = {
			isa = PBXSourcesBuildPhase;
			buildActionMask = 2147483647;
			files = (
				3D384C7C2ADC307400FD3E06 /* HelthmoUITestsLaunchTests.swift in Sources */,
				3D384C7A2ADC307400FD3E06 /* HelthmoUITests.swift in Sources */,
			);
			runOnlyForDeploymentPostprocessing = 0;
		};
/* End PBXSourcesBuildPhase section */

/* Begin PBXTargetDependency section */
		3D384C6D2ADC307400FD3E06 /* PBXTargetDependency */ = {
			isa = PBXTargetDependency;
			target = 3D384C592ADC307100FD3E06 /* Helthmo */;
			targetProxy = 3D384C6C2ADC307400FD3E06 /* PBXContainerItemProxy */;
		};
		3D384C772ADC307400FD3E06 /* PBXTargetDependency */ = {
			isa = PBXTargetDependency;
			target = 3D384C592ADC307100FD3E06 /* Helthmo */;
			targetProxy = 3D384C762ADC307400FD3E06 /* PBXContainerItemProxy */;
		};
/* End PBXTargetDependency section */

/* Begin XCBuildConfiguration section */
		3D384C7D2ADC307400FD3E06 /* Debug */ = {
			isa = XCBuildConfiguration;
			buildSettings = {
				ALWAYS_SEARCH_USER_PATHS = NO;
				CLANG_ANALYZER_NONNULL = YES;
				CLANG_ANALYZER_NUMBER_OBJECT_CONVERSION = YES_AGGRESSIVE;
				CLANG_CXX_LANGUAGE_STANDARD = "gnu++20";
				CLANG_ENABLE_MODULES = YES;
				CLANG_ENABLE_OBJC_ARC = YES;
				CLANG_ENABLE_OBJC_WEAK = YES;
				CLANG_WARN_BLOCK_CAPTURE_AUTORELEASING = YES;
				CLANG_WARN_BOOL_CONVERSION = YES;
				CLANG_WARN_COMMA = YES;
				CLANG_WARN_CONSTANT_CONVERSION = YES;
				CLANG_WARN_DEPRECATED_OBJC_IMPLEMENTATIONS = YES;
				CLANG_WARN_DIRECT_OBJC_ISA_USAGE = YES_ERROR;
				CLANG_WARN_DOCUMENTATION_COMMENTS = YES;
				CLANG_WARN_EMPTY_BODY = YES;
				CLANG_WARN_ENUM_CONVERSION = YES;
				CLANG_WARN_INFINITE_RECURSION = YES;
				CLANG_WARN_INT_CONVERSION = YES;
				CLANG_WARN_NON_LITERAL_NULL_CONVERSION = YES;
				CLANG_WARN_OBJC_IMPLICIT_RETAIN_SELF = YES;
				CLANG_WARN_OBJC_LITERAL_CONVERSION = YES;
				CLANG_WARN_OBJC_ROOT_CLASS = YES_ERROR;
				CLANG_WARN_QUOTED_INCLUDE_IN_FRAMEWORK_HEADER = YES;
				CLANG_WARN_RANGE_LOOP_ANALYSIS = YES;
				CLANG_WARN_STRICT_PROTOTYPES = YES;
				CLANG_WARN_SUSPICIOUS_MOVE = YES;
				CLANG_WARN_UNGUARDED_AVAILABILITY = YES_AGGRESSIVE;
				CLANG_WARN_UNREACHABLE_CODE = YES;
				CLANG_WARN__DUPLICATE_METHOD_MATCH = YES;
				COPY_PHASE_STRIP = NO;
				DEBUG_INFORMATION_FORMAT = dwarf;
				ENABLE_STRICT_OBJC_MSGSEND = YES;
				ENABLE_TESTABILITY = YES;
				GCC_C_LANGUAGE_STANDARD = gnu11;
				GCC_DYNAMIC_NO_PIC = NO;
				GCC_NO_COMMON_BLOCKS = YES;
				GCC_OPTIMIZATION_LEVEL = 0;
				GCC_PREPROCESSOR_DEFINITIONS = (
					"DEBUG=1",
					"$(inherited)",
				);
				GCC_WARN_64_TO_32_BIT_CONVERSION = YES;
				GCC_WARN_ABOUT_RETURN_TYPE = YES_ERROR;
				GCC_WARN_UNDECLARED_SELECTOR = YES;
				GCC_WARN_UNINITIALIZED_AUTOS = YES_AGGRESSIVE;
				GCC_WARN_UNUSED_FUNCTION = YES;
				GCC_WARN_UNUSED_VARIABLE = YES;
				MTL_ENABLE_DEBUG_INFO = INCLUDE_SOURCE;
				MTL_FAST_MATH = YES;
				ONLY_ACTIVE_ARCH = YES;
				SWIFT_ACTIVE_COMPILATION_CONDITIONS = DEBUG;
				SWIFT_OPTIMIZATION_LEVEL = "-Onone";
			};
			name = Debug;
		};
		3D384C7E2ADC307400FD3E06 /* Release */ = {
			isa = XCBuildConfiguration;
			buildSettings = {
				ALWAYS_SEARCH_USER_PATHS = NO;
				CLANG_ANALYZER_NONNULL = YES;
				CLANG_ANALYZER_NUMBER_OBJECT_CONVERSION = YES_AGGRESSIVE;
				CLANG_CXX_LANGUAGE_STANDARD = "gnu++20";
				CLANG_ENABLE_MODULES = YES;
				CLANG_ENABLE_OBJC_ARC = YES;
				CLANG_ENABLE_OBJC_WEAK = YES;
				CLANG_WARN_BLOCK_CAPTURE_AUTORELEASING = YES;
				CLANG_WARN_BOOL_CONVERSION = YES;
				CLANG_WARN_COMMA = YES;
				CLANG_WARN_CONSTANT_CONVERSION = YES;
				CLANG_WARN_DEPRECATED_OBJC_IMPLEMENTATIONS = YES;
				CLANG_WARN_DIRECT_OBJC_ISA_USAGE = YES_ERROR;
				CLANG_WARN_DOCUMENTATION_COMMENTS = YES;
				CLANG_WARN_EMPTY_BODY = YES;
				CLANG_WARN_ENUM_CONVERSION = YES;
				CLANG_WARN_INFINITE_RECURSION = YES;
				CLANG_WARN_INT_CONVERSION = YES;
				CLANG_WARN_NON_LITERAL_NULL_CONVERSION = YES;
				CLANG_WARN_OBJC_IMPLICIT_RETAIN_SELF = YES;
				CLANG_WARN_OBJC_LITERAL_CONVERSION = YES;
				CLANG_WARN_OBJC_ROOT_CLASS = YES_ERROR;
				CLANG_WARN_QUOTED_INCLUDE_IN_FRAMEWORK_HEADER = YES;
				CLANG_WARN_RANGE_LOOP_ANALYSIS = YES;
				CLANG_WARN_STRICT_PROTOTYPES = YES;
				CLANG_WARN_SUSPICIOUS_MOVE = YES;
				CLANG_WARN_UNGUARDED_AVAILABILITY = YES_AGGRESSIVE;
				CLANG_WARN_UNREACHABLE_CODE = YES;
				CLANG_WARN__DUPLICATE_METHOD_MATCH = YES;
				COPY_PHASE_STRIP = NO;
				DEBUG_INFORMATION_FORMAT = "dwarf-with-dsym";
				ENABLE_NS_ASSERTIONS = NO;
				ENABLE_STRICT_OBJC_MSGSEND = YES;
				GCC_C_LANGUAGE_STANDARD = gnu11;
				GCC_NO_COMMON_BLOCKS = YES;
				GCC_WARN_64_TO_32_BIT_CONVERSION = YES;
				GCC_WARN_ABOUT_RETURN_TYPE = YES_ERROR;
				GCC_WARN_UNDECLARED_SELECTOR = YES;
				GCC_WARN_UNINITIALIZED_AUTOS = YES_AGGRESSIVE;
				GCC_WARN_UNUSED_FUNCTION = YES;
				GCC_WARN_UNUSED_VARIABLE = YES;
				MTL_ENABLE_DEBUG_INFO = NO;
				MTL_FAST_MATH = YES;
				SWIFT_COMPILATION_MODE = wholemodule;
				SWIFT_OPTIMIZATION_LEVEL = "-O";
			};
			name = Release;
		};
		3D384C802ADC307400FD3E06 /* Debug */ = {
			isa = XCBuildConfiguration;
			buildSettings = {
				ASSETCATALOG_COMPILER_APPICON_NAME = AppIcon;
				ASSETCATALOG_COMPILER_GLOBAL_ACCENT_COLOR_NAME = AccentColor;
				CODE_SIGN_ENTITLEMENTS = Helthmo/Helthmo.entitlements;
				CODE_SIGN_STYLE = Automatic;
				CURRENT_PROJECT_VERSION = 1;
				DEVELOPMENT_ASSET_PATHS = "\"Helthmo/Preview Content\"";
				DEVELOPMENT_TEAM = SKHUBRDPGV;
				ENABLE_HARDENED_RUNTIME = YES;
				ENABLE_PREVIEWS = YES;
				GENERATE_INFOPLIST_FILE = YES;
				"INFOPLIST_KEY_UIApplicationSceneManifest_Generation[sdk=iphoneos*]" = YES;
				"INFOPLIST_KEY_UIApplicationSceneManifest_Generation[sdk=iphonesimulator*]" = YES;
				"INFOPLIST_KEY_UIApplicationSupportsIndirectInputEvents[sdk=iphoneos*]" = YES;
				"INFOPLIST_KEY_UIApplicationSupportsIndirectInputEvents[sdk=iphonesimulator*]" = YES;
				"INFOPLIST_KEY_UILaunchScreen_Generation[sdk=iphoneos*]" = YES;
				"INFOPLIST_KEY_UILaunchScreen_Generation[sdk=iphonesimulator*]" = YES;
				"INFOPLIST_KEY_UIStatusBarStyle[sdk=iphoneos*]" = UIStatusBarStyleDefault;
				"INFOPLIST_KEY_UIStatusBarStyle[sdk=iphonesimulator*]" = UIStatusBarStyleDefault;
				INFOPLIST_KEY_UISupportedInterfaceOrientations_iPad = "UIInterfaceOrientationPortrait UIInterfaceOrientationPortraitUpsideDown UIInterfaceOrientationLandscapeLeft UIInterfaceOrientationLandscapeRight";
				INFOPLIST_KEY_UISupportedInterfaceOrientations_iPhone = "UIInterfaceOrientationPortrait UIInterfaceOrientationLandscapeLeft UIInterfaceOrientationLandscapeRight";
				IPHONEOS_DEPLOYMENT_TARGET = 16.4;
				LD_RUNPATH_SEARCH_PATHS = "@executable_path/Frameworks";
				"LD_RUNPATH_SEARCH_PATHS[sdk=macosx*]" = "@executable_path/../Frameworks";
				MACOSX_DEPLOYMENT_TARGET = 13.3;
				MARKETING_VERSION = 1.0;
				PRODUCT_BUNDLE_IDENTIFIER = com.horaciomota.Helthmo;
				PRODUCT_NAME = "$(TARGET_NAME)";
				SDKROOT = auto;
				SUPPORTED_PLATFORMS = "iphoneos iphonesimulator macosx";
				SWIFT_EMIT_LOC_STRINGS = YES;
				SWIFT_VERSION = 5.0;
				TARGETED_DEVICE_FAMILY = "1,2";
			};
			name = Debug;
		};
		3D384C812ADC307400FD3E06 /* Release */ = {
			isa = XCBuildConfiguration;
			buildSettings = {
				ASSETCATALOG_COMPILER_APPICON_NAME = AppIcon;
				ASSETCATALOG_COMPILER_GLOBAL_ACCENT_COLOR_NAME = AccentColor;
				CODE_SIGN_ENTITLEMENTS = Helthmo/Helthmo.entitlements;
				CODE_SIGN_STYLE = Automatic;
				CURRENT_PROJECT_VERSION = 1;
				DEVELOPMENT_ASSET_PATHS = "\"Helthmo/Preview Content\"";
				DEVELOPMENT_TEAM = SKHUBRDPGV;
				ENABLE_HARDENED_RUNTIME = YES;
				ENABLE_PREVIEWS = YES;
				GENERATE_INFOPLIST_FILE = YES;
				"INFOPLIST_KEY_UIApplicationSceneManifest_Generation[sdk=iphoneos*]" = YES;
				"INFOPLIST_KEY_UIApplicationSceneManifest_Generation[sdk=iphonesimulator*]" = YES;
				"INFOPLIST_KEY_UIApplicationSupportsIndirectInputEvents[sdk=iphoneos*]" = YES;
				"INFOPLIST_KEY_UIApplicationSupportsIndirectInputEvents[sdk=iphonesimulator*]" = YES;
				"INFOPLIST_KEY_UILaunchScreen_Generation[sdk=iphoneos*]" = YES;
				"INFOPLIST_KEY_UILaunchScreen_Generation[sdk=iphonesimulator*]" = YES;
				"INFOPLIST_KEY_UIStatusBarStyle[sdk=iphoneos*]" = UIStatusBarStyleDefault;
				"INFOPLIST_KEY_UIStatusBarStyle[sdk=iphonesimulator*]" = UIStatusBarStyleDefault;
				INFOPLIST_KEY_UISupportedInterfaceOrientations_iPad = "UIInterfaceOrientationPortrait UIInterfaceOrientationPortraitUpsideDown UIInterfaceOrientationLandscapeLeft UIInterfaceOrientationLandscapeRight";
				INFOPLIST_KEY_UISupportedInterfaceOrientations_iPhone = "UIInterfaceOrientationPortrait UIInterfaceOrientationLandscapeLeft UIInterfaceOrientationLandscapeRight";
				IPHONEOS_DEPLOYMENT_TARGET = 16.4;
				LD_RUNPATH_SEARCH_PATHS = "@executable_path/Frameworks";
				"LD_RUNPATH_SEARCH_PATHS[sdk=macosx*]" = "@executable_path/../Frameworks";
				MACOSX_DEPLOYMENT_TARGET = 13.3;
				MARKETING_VERSION = 1.0;
				PRODUCT_BUNDLE_IDENTIFIER = com.horaciomota.Helthmo;
				PRODUCT_NAME = "$(TARGET_NAME)";
				SDKROOT = auto;
				SUPPORTED_PLATFORMS = "iphoneos iphonesimulator macosx";
				SWIFT_EMIT_LOC_STRINGS = YES;
				SWIFT_VERSION = 5.0;
				TARGETED_DEVICE_FAMILY = "1,2";
			};
			name = Release;
		};
		3D384C832ADC307400FD3E06 /* Debug */ = {
			isa = XCBuildConfiguration;
			buildSettings = {
				ALWAYS_EMBED_SWIFT_STANDARD_LIBRARIES = YES;
				BUNDLE_LOADER = "$(TEST_HOST)";
				CODE_SIGN_STYLE = Automatic;
				CURRENT_PROJECT_VERSION = 1;
				DEVELOPMENT_TEAM = SKHUBRDPGV;
				GENERATE_INFOPLIST_FILE = YES;
				IPHONEOS_DEPLOYMENT_TARGET = 16.4;
				MACOSX_DEPLOYMENT_TARGET = 13.3;
				MARKETING_VERSION = 1.0;
				PRODUCT_BUNDLE_IDENTIFIER = com.horaciomota.HelthmoTests;
				PRODUCT_NAME = "$(TARGET_NAME)";
				SDKROOT = auto;
				SUPPORTED_PLATFORMS = "iphoneos iphonesimulator macosx";
				SWIFT_EMIT_LOC_STRINGS = NO;
				SWIFT_VERSION = 5.0;
				TARGETED_DEVICE_FAMILY = "1,2";
				TEST_HOST = "$(BUILT_PRODUCTS_DIR)/Helthmo.app/$(BUNDLE_EXECUTABLE_FOLDER_PATH)/Helthmo";
			};
			name = Debug;
		};
		3D384C842ADC307400FD3E06 /* Release */ = {
			isa = XCBuildConfiguration;
			buildSettings = {
				ALWAYS_EMBED_SWIFT_STANDARD_LIBRARIES = YES;
				BUNDLE_LOADER = "$(TEST_HOST)";
				CODE_SIGN_STYLE = Automatic;
				CURRENT_PROJECT_VERSION = 1;
				DEVELOPMENT_TEAM = SKHUBRDPGV;
				GENERATE_INFOPLIST_FILE = YES;
				IPHONEOS_DEPLOYMENT_TARGET = 16.4;
				MACOSX_DEPLOYMENT_TARGET = 13.3;
				MARKETING_VERSION = 1.0;
				PRODUCT_BUNDLE_IDENTIFIER = com.horaciomota.HelthmoTests;
				PRODUCT_NAME = "$(TARGET_NAME)";
				SDKROOT = auto;
				SUPPORTED_PLATFORMS = "iphoneos iphonesimulator macosx";
				SWIFT_EMIT_LOC_STRINGS = NO;
				SWIFT_VERSION = 5.0;
				TARGETED_DEVICE_FAMILY = "1,2";
				TEST_HOST = "$(BUILT_PRODUCTS_DIR)/Helthmo.app/$(BUNDLE_EXECUTABLE_FOLDER_PATH)/Helthmo";
			};
			name = Release;
		};
		3D384C862ADC307400FD3E06 /* Debug */ = {
			isa = XCBuildConfiguration;
			buildSettings = {
				ALWAYS_EMBED_SWIFT_STANDARD_LIBRARIES = YES;
				CODE_SIGN_STYLE = Automatic;
				CURRENT_PROJECT_VERSION = 1;
				DEVELOPMENT_TEAM = SKHUBRDPGV;
				GENERATE_INFOPLIST_FILE = YES;
				IPHONEOS_DEPLOYMENT_TARGET = 16.4;
				MACOSX_DEPLOYMENT_TARGET = 13.3;
				MARKETING_VERSION = 1.0;
				PRODUCT_BUNDLE_IDENTIFIER = com.horaciomota.HelthmoUITests;
				PRODUCT_NAME = "$(TARGET_NAME)";
				SDKROOT = auto;
				SUPPORTED_PLATFORMS = "iphoneos iphonesimulator macosx";
				SWIFT_EMIT_LOC_STRINGS = NO;
				SWIFT_VERSION = 5.0;
				TARGETED_DEVICE_FAMILY = "1,2";
				TEST_TARGET_NAME = Helthmo;
			};
			name = Debug;
		};
		3D384C872ADC307400FD3E06 /* Release */ = {
			isa = XCBuildConfiguration;
			buildSettings = {
				ALWAYS_EMBED_SWIFT_STANDARD_LIBRARIES = YES;
				CODE_SIGN_STYLE = Automatic;
				CURRENT_PROJECT_VERSION = 1;
				DEVELOPMENT_TEAM = SKHUBRDPGV;
				GENERATE_INFOPLIST_FILE = YES;
				IPHONEOS_DEPLOYMENT_TARGET = 16.4;
				MACOSX_DEPLOYMENT_TARGET = 13.3;
				MARKETING_VERSION = 1.0;
				PRODUCT_BUNDLE_IDENTIFIER = com.horaciomota.HelthmoUITests;
				PRODUCT_NAME = "$(TARGET_NAME)";
				SDKROOT = auto;
				SUPPORTED_PLATFORMS = "iphoneos iphonesimulator macosx";
				SWIFT_EMIT_LOC_STRINGS = NO;
				SWIFT_VERSION = 5.0;
				TARGETED_DEVICE_FAMILY = "1,2";
				TEST_TARGET_NAME = Helthmo;
			};
			name = Release;
		};
/* End XCBuildConfiguration section */

/* Begin XCConfigurationList section */
		3D384C552ADC307100FD3E06 /* Build configuration list for PBXProject "Helthmo" */ = {
			isa = XCConfigurationList;
			buildConfigurations = (
				3D384C7D2ADC307400FD3E06 /* Debug */,
				3D384C7E2ADC307400FD3E06 /* Release */,
			);
			defaultConfigurationIsVisible = 0;
			defaultConfigurationName = Release;
		};
		3D384C7F2ADC307400FD3E06 /* Build configuration list for PBXNativeTarget "Helthmo" */ = {
			isa = XCConfigurationList;
			buildConfigurations = (
				3D384C802ADC307400FD3E06 /* Debug */,
				3D384C812ADC307400FD3E06 /* Release */,
			);
			defaultConfigurationIsVisible = 0;
			defaultConfigurationName = Release;
		};
		3D384C822ADC307400FD3E06 /* Build configuration list for PBXNativeTarget "HelthmoTests" */ = {
			isa = XCConfigurationList;
			buildConfigurations = (
				3D384C832ADC307400FD3E06 /* Debug */,
				3D384C842ADC307400FD3E06 /* Release */,
			);
			defaultConfigurationIsVisible = 0;
			defaultConfigurationName = Release;
		};
		3D384C852ADC307400FD3E06 /* Build configuration list for PBXNativeTarget "HelthmoUITests" */ = {
			isa = XCConfigurationList;
			buildConfigurations = (
				3D384C862ADC307400FD3E06 /* Debug */,
				3D384C872ADC307400FD3E06 /* Release */,
			);
			defaultConfigurationIsVisible = 0;
			defaultConfigurationName = Release;
		};
/* End XCConfigurationList section */
	};
	rootObject = 3D384C522ADC307100FD3E06 /* Project object */;
}
